
Microsoft Visual Studio Solution File, Format Version 12.00
# Visual Studio Version 16
VisualStudioVersion = 16.0.29001.49
MinimumVisualStudioVersion = 10.0.40219.1
Project("{FAE04EC0-301F-11D3-BF4B-00C04F79EFBC}") = "Task5-CorrectBracketSequence", "Task5-CorrectBracketSequence\Task5-CorrectBracketSequence.csproj", "{45F6242D-F78E-4EE4-A873-6C0B536FBB91}"
EndProject
Global
	GlobalSection(SolutionConfigurationPlatforms) = preSolution
		Debug|Any CPU = Debug|Any CPU
		Release|Any CPU = Release|Any CPU
	EndGlobalSection
	GlobalSection(ProjectConfigurationPlatforms) = postSolution
		{45F6242D-F78E-4EE4-A873-6C0B536FBB91}.Debug|Any CPU.ActiveCfg = Debug|Any CPU
		{45F6242D-F78E-4EE4-A873-6C0B536FBB91}.Debug|Any CPU.Build.0 = Debug|Any CPU
		{45F6242D-F78E-4EE4-A873-6C0B536FBB91}.Release|Any CPU.ActiveCfg = Release|Any CPU
		{45F6242D-F78E-4EE4-A873-6C0B536FBB91}.Release|Any CPU.Build.0 = Release|Any CPU
	EndGlobalSection
	GlobalSection(SolutionProperties) = preSolution
		HideSolutionNode = FALSE
	EndGlobalSection
	GlobalSection(ExtensibilityGlobals) = postSolution
		SolutionGuid = {4B2D5DC9-CEFD-4CDB-9AA9-32E2DBDD34F0}
	EndGlobalSection
EndGlobal
