
Microsoft Visual Studio Solution File, Format Version 12.00
# Visual Studio Version 16
VisualStudioVersion = 16.0.29001.49
MinimumVisualStudioVersion = 10.0.40219.1
Project("{FAE04EC0-301F-11D3-BF4B-00C04F79EFBC}") = "Task4-Factorial", "Task4-Factorial\Task4-Factorial.csproj", "{2089F323-0926-4D60-B451-506055504888}"
EndProject
Global
	GlobalSection(SolutionConfigurationPlatforms) = preSolution
		Debug|Any CPU = Debug|Any CPU
		Release|Any CPU = Release|Any CPU
	EndGlobalSection
	GlobalSection(ProjectConfigurationPlatforms) = postSolution
		{2089F323-0926-4D60-B451-506055504888}.Debug|Any CPU.ActiveCfg = Debug|Any CPU
		{2089F323-0926-4D60-B451-506055504888}.Debug|Any CPU.Build.0 = Debug|Any CPU
		{2089F323-0926-4D60-B451-506055504888}.Release|Any CPU.ActiveCfg = Release|Any CPU
		{2089F323-0926-4D60-B451-506055504888}.Release|Any CPU.Build.0 = Release|Any CPU
	EndGlobalSection
	GlobalSection(SolutionProperties) = preSolution
		HideSolutionNode = FALSE
	EndGlobalSection
	GlobalSection(ExtensibilityGlobals) = postSolution
		SolutionGuid = {E33725DD-E0BF-4F84-87E5-F5CF4FA85CAD}
	EndGlobalSection
EndGlobal
