
Microsoft Visual Studio Solution File, Format Version 12.00
# Visual Studio Version 16
VisualStudioVersion = 16.0.29001.49
MinimumVisualStudioVersion = 10.0.40219.1
Project("{FAE04EC0-301F-11D3-BF4B-00C04F79EFBC}") = "Task1-2-SortArrayFindValue", "Task1-2-SortArrayFindValue\Task1-2-SortArrayFindValue.csproj", "{C976B73C-DB0F-4FD0-833D-C4F8A001AF68}"
EndProject
Global
	GlobalSection(SolutionConfigurationPlatforms) = preSolution
		Debug|Any CPU = Debug|Any CPU
		Release|Any CPU = Release|Any CPU
	EndGlobalSection
	GlobalSection(ProjectConfigurationPlatforms) = postSolution
		{C976B73C-DB0F-4FD0-833D-C4F8A001AF68}.Debug|Any CPU.ActiveCfg = Debug|Any CPU
		{C976B73C-DB0F-4FD0-833D-C4F8A001AF68}.Debug|Any CPU.Build.0 = Debug|Any CPU
		{C976B73C-DB0F-4FD0-833D-C4F8A001AF68}.Release|Any CPU.ActiveCfg = Release|Any CPU
		{C976B73C-DB0F-4FD0-833D-C4F8A001AF68}.Release|Any CPU.Build.0 = Release|Any CPU
	EndGlobalSection
	GlobalSection(SolutionProperties) = preSolution
		HideSolutionNode = FALSE
	EndGlobalSection
	GlobalSection(ExtensibilityGlobals) = postSolution
		SolutionGuid = {A2837B24-1490-4983-849A-863A8AC034CB}
	EndGlobalSection
EndGlobal
